{
    "_meta": {
        "hash": {
            "sha256": "3febc772410f3141705b3f86d453e30234f7ada94f6d09a9a0946e96ee86974f"
        },
        "pipfile-spec": 6,
        "requires": {
            "python_version": "3.9"
        },
        "sources": [
            {
                "name": "pip_conf_index_global",
                "url": "https://nexus.bam.corp.vattenfall.com/repository/PyPi_Group_Public/simple",
                "verify_ssl": false
            }
        ]
    },
    "default": {},
    "develop": {}
}
